
Microsoft Visual Studio Solution File, Format Version 11.00
# Visual Studio 2010
Project("{FAE04EC0-301F-11D3-BF4B-00C04F79EFBC}") = "Wall Jump Prototypes", "Assembly-CSharp.csproj", "{B6E37A89-C0D1-00A1-27F9-823EA2966F3D}"
EndProject
Project("{FAE04EC0-301F-11D3-BF4B-00C04F79EFBC}") = "Wall Jump Prototypes", "Assembly-CSharp-Editor.csproj", "{1864C922-D674-B873-1F74-99997BF0D5B5}"
EndProject
Global
	GlobalSection(SolutionConfigurationPlatforms) = preSolution
		Debug|Any CPU = Debug|Any CPU
		Release|Any CPU = Release|Any CPU
	EndGlobalSection
	GlobalSection(ProjectConfigurationPlatforms) = postSolution
		{B6E37A89-C0D1-00A1-27F9-823EA2966F3D}.Debug|Any CPU.ActiveCfg = Debug|Any CPU
		{B6E37A89-C0D1-00A1-27F9-823EA2966F3D}.Debug|Any CPU.Build.0 = Debug|Any CPU
		{B6E37A89-C0D1-00A1-27F9-823EA2966F3D}.Release|Any CPU.ActiveCfg = Release|Any CPU
		{B6E37A89-C0D1-00A1-27F9-823EA2966F3D}.Release|Any CPU.Build.0 = Release|Any CPU
		{1864C922-D674-B873-1F74-99997BF0D5B5}.Debug|Any CPU.ActiveCfg = Debug|Any CPU
		{1864C922-D674-B873-1F74-99997BF0D5B5}.Debug|Any CPU.Build.0 = Debug|Any CPU
		{1864C922-D674-B873-1F74-99997BF0D5B5}.Release|Any CPU.ActiveCfg = Release|Any CPU
		{1864C922-D674-B873-1F74-99997BF0D5B5}.Release|Any CPU.Build.0 = Release|Any CPU
	EndGlobalSection
	GlobalSection(SolutionProperties) = preSolution
		HideSolutionNode = FALSE
	EndGlobalSection
	GlobalSection(MonoDevelopProperties) = preSolution
		StartupItem = Assembly-CSharp.csproj
	EndGlobalSection
EndGlobal
